[[package]]
category = "main"
description = "A database migration tool for SQLAlchemy."
name = "alembic"
optional = false
python-versions = ">=2.7, !=3.0.*, !=3.1.*, !=3.2.*, !=3.3.*"
version = "1.3.0"

[package.dependencies]
Mako = "*"
SQLAlchemy = ">=1.1.0"
python-dateutil = "*"
python-editor = ">=0.3"

[[package]]
category = "dev"
description = "A small Python module for determining appropriate platform-specific dirs, e.g. a \"user data dir\"."
name = "appdirs"
optional = false
python-versions = "*"
version = "1.4.3"

[[package]]
category = "dev"
description = "An abstract syntax tree for Python with inference support."
name = "astroid"
optional = false
python-versions = ">=3.5.*"
version = "2.3.0"

[package.dependencies]
lazy-object-proxy = "*"
six = "*"
wrapt = "*"

[package.dependencies.typed-ast]
python = ">=3.7,<3.8"
version = ">=1.3.0"

[[package]]
category = "dev"
description = "Classes Without Boilerplate"
name = "attrs"
optional = false
python-versions = ">=2.7, !=3.0.*, !=3.1.*, !=3.2.*, !=3.3.*"
version = "19.3.0"

[[package]]
category = "dev"
description = "The uncompromising code formatter."
name = "black"
optional = false
python-versions = ">=3.6"
version = "19.3b0"

[package.dependencies]
appdirs = "*"
attrs = ">=18.1.0"
click = ">=6.5"
toml = ">=0.9.4"

[[package]]
category = "main"
description = "Python package for providing Mozilla's CA Bundle."
name = "certifi"
optional = false
python-versions = "*"
version = "2019.9.11"

[[package]]
category = "main"
description = "Foreign Function Interface for Python calling C code."
name = "cffi"
optional = false
python-versions = "*"
version = "1.13.2"

[package.dependencies]
pycparser = "*"

[[package]]
category = "dev"
description = "Composable command line interface toolkit"
name = "click"
optional = false
python-versions = ">=2.7, !=3.0.*, !=3.1.*, !=3.2.*, !=3.3.*"
version = "7.0"

[[package]]
category = "dev"
description = "Cross-platform colored terminal text."
marker = "sys_platform == \"win32\""
name = "colorama"
optional = false
python-versions = ">=2.7, !=3.0.*, !=3.1.*, !=3.2.*, !=3.3.*"
version = "0.4.1"

[[package]]
category = "main"
description = "cryptography is a package which provides cryptographic recipes and primitives to Python developers."
name = "cryptography"
optional = false
python-versions = ">=2.7,!=3.0.*,!=3.1.*,!=3.2.*,!=3.3.*"
version = "2.8"

[package.dependencies]
cffi = ">=1.8,<1.11.3 || >1.11.3"
six = ">=1.4.1"

[[package]]
category = "main"
description = "Toolkit for Python-based database access."
name = "dataset"
optional = false
python-versions = "*"
version = "1.1.2"

[package.dependencies]
alembic = ">=0.6.2"
six = ">=1.11.0"
sqlalchemy = ">=1.1.2"

[[package]]
category = "dev"
description = "Discover and load entry points from installed packages."
name = "entrypoints"
optional = false
python-versions = ">=2.7"
version = "0.3"

[[package]]
category = "dev"
description = "the modular source code checker: pep8, pyflakes and co"
name = "flake8"
optional = false
python-versions = ">=2.7, !=3.0.*, !=3.1.*, !=3.2.*, !=3.3.*"
version = "3.7.9"

[package.dependencies]
entrypoints = ">=0.3.0,<0.4.0"
mccabe = ">=0.6.0,<0.7.0"
pycodestyle = ">=2.5.0,<2.6.0"
pyflakes = ">=2.1.0,<2.2.0"

[[package]]
category = "main"
description = "Clean single-source support for Python 3 and 2"
name = "future"
optional = false
python-versions = ">=2.6, !=3.0.*, !=3.1.*, !=3.2.*"
version = "0.18.2"

[[package]]
category = "dev"
description = "Pythonic task execution"
name = "invoke"
optional = false
python-versions = "*"
version = "1.3.0"

[[package]]
category = "dev"
description = "A Python utility / library to sort Python imports."
name = "isort"
optional = false
python-versions = ">=2.7, !=3.0.*, !=3.1.*, !=3.2.*, !=3.3.*"
version = "4.3.21"

[[package]]
category = "dev"
description = "An autocompletion tool for Python that can be used for text editors."
name = "jedi"
optional = false
python-versions = ">=2.7, !=3.0.*, !=3.1.*, !=3.2.*, !=3.3.*"
version = "0.13.3"

[package.dependencies]
parso = ">=0.3.0"

[[package]]
category = "dev"
description = "A fast and thorough lazy object proxy."
name = "lazy-object-proxy"
optional = false
python-versions = ">=2.7, !=3.0.*, !=3.1.*, !=3.2.*, !=3.3.*"
version = "1.4.3"

[[package]]
category = "main"
description = "A super-fast templating language that borrows the  best ideas from the existing templating languages."
name = "mako"
optional = false
python-versions = ">=2.7, !=3.0.*, !=3.1.*, !=3.2.*, !=3.3.*"
version = "1.1.0"

[package.dependencies]
MarkupSafe = ">=0.9.2"

[[package]]
category = "main"
description = "Safely add untrusted strings to HTML/XML markup."
name = "markupsafe"
optional = false
python-versions = ">=2.7,!=3.0.*,!=3.1.*,!=3.2.*,!=3.3.*"
version = "1.1.1"

[[package]]
category = "dev"
description = "McCabe checker, plugin for flake8"
name = "mccabe"
optional = false
python-versions = "*"
version = "0.6.1"

[[package]]
category = "dev"
description = "Optional static typing for Python (mypyc-compiled version)"
name = "mypy"
optional = false
python-versions = "*"
version = "0.701"

[package.dependencies]
mypy-extensions = ">=0.4.0,<0.5.0"
typed-ast = ">=1.3.1,<1.4.0"

[[package]]
category = "dev"
description = "Experimental type system extensions for programs checked with the mypy typechecker."
name = "mypy-extensions"
optional = false
python-versions = "*"
version = "0.4.3"

[[package]]
category = "dev"
description = "A Python Parser"
name = "parso"
optional = false
python-versions = "*"
version = "0.5.1"

[[package]]
category = "dev"
description = "Python style guide checker"
name = "pycodestyle"
optional = false
python-versions = ">=2.7, !=3.0.*, !=3.1.*, !=3.2.*, !=3.3.*"
version = "2.5.0"

[[package]]
category = "main"
description = "C parser in Python"
name = "pycparser"
optional = false
python-versions = ">=2.7, !=3.0.*, !=3.1.*, !=3.2.*, !=3.3.*"
version = "2.19"

[[package]]
category = "dev"
description = "passive checker of Python programs"
name = "pyflakes"
optional = false
python-versions = ">=2.7, !=3.0.*, !=3.1.*, !=3.2.*, !=3.3.*"
version = "2.1.1"

[[package]]
category = "dev"
description = "python code static checker"
name = "pylint"
optional = false
python-versions = ">=3.5.*"
version = "2.4.3"

[package.dependencies]
astroid = ">=2.3.0,<2.4"
colorama = "*"
isort = ">=4.2.5,<5"
mccabe = ">=0.6,<0.7"

[[package]]
category = "dev"
description = "Quote consistency checker for PyLint.."
name = "pylint-quotes"
optional = false
python-versions = ">=3.4"
version = "0.2.1"

[package.dependencies]
pylint = ">=1.7.6"

[[package]]
category = "main"
description = "Extensions to the standard Python datetime module"
name = "python-dateutil"
optional = false
python-versions = "!=3.0.*,!=3.1.*,!=3.2.*,>=2.7"
version = "2.8.1"

[package.dependencies]
six = ">=1.5"

[[package]]
category = "main"
description = "Programmatically open an editor, capture the result."
name = "python-editor"
optional = false
python-versions = "*"
version = "1.0.4"

[[package]]
category = "main"
description = "We have made you a wrapper you can't refuse"
name = "python-telegram-bot"
optional = false
python-versions = "*"
version = "11.1.0"

[package.dependencies]
certifi = "*"
cryptography = "*"
future = ">=0.16.0"

[[package]]
category = "main"
description = "Python 2 and 3 compatibility utilities"
name = "six"
optional = false
python-versions = ">=2.6, !=3.0.*, !=3.1.*"
version = "1.13.0"

[[package]]
category = "main"
description = "Database Abstraction Library"
name = "sqlalchemy"
optional = false
python-versions = ">=2.7, !=3.0.*, !=3.1.*, !=3.2.*, !=3.3.*"
version = "1.3.10"

[[package]]
category = "dev"
description = "Python Library for Tom's Obvious, Minimal Language"
name = "toml"
optional = false
python-versions = "*"
version = "0.10.0"

[[package]]
category = "dev"
description = "a fork of Python 2 and 3 ast modules with type comment support"
name = "typed-ast"
optional = false
python-versions = "*"
version = "1.3.5"

[[package]]
category = "dev"
description = "Module for decorators, wrappers and monkey patching."
name = "wrapt"
optional = false
python-versions = "*"
version = "1.11.2"

[metadata]
content-hash = "5c691f96aa8e1ce6d3e8552378d582bf40bc839123fc098ee08ed08a4e697c33"
python-versions = "^3.7"

[metadata.hashes]
alembic = ["e6c6a4243e89c8d3e2342a1562b2388f3b524c9cac2fccc4d2c461a1320cc1c1"]
appdirs = ["9e5896d1372858f8dd3344faf4e5014d21849c756c8d5701f78f8a103b372d92", "d8b24664561d0d34ddfaec54636d502d7cea6e29c3eaf68f3df6180863e2166e"]
astroid = ["9b3f17b0550f82e28a6776a4e5222441f48e523b0773df4bc505bb6b7c2093b7", "c7e2e5773d87ccc00d01c273e439386f4d6d63cce61317a79ccce5880162f9fb"]
attrs = ["08a96c641c3a74e44eb59afb61a24f2cb9f4d7188748e76ba4bb5edfa3cb7d1c", "f7b7ce16570fe9965acd6d30101a28f62fb4a7f9e926b3bbc9b61f8b04247e72"]
black = ["09a9dcb7c46ed496a9850b76e4e825d6049ecd38b611f1224857a79bd985a8cf", "68950ffd4d9169716bcb8719a56c07a2f4485354fec061cdd5910aa07369731c"]
certifi = ["e4f3620cfea4f83eedc95b24abd9cd56f3c4b146dd0177e83a21b4eb49e21e50", "fd7c7c74727ddcf00e9acd26bba8da604ffec95bf1c2144e67aff7a8b50e6cef"]
cffi = ["0b49274afc941c626b605fb59b59c3485c17dc776dc3cc7cc14aca74cc19cc42", "0e3ea92942cb1168e38c05c1d56b0527ce31f1a370f6117f1d490b8dcd6b3a04", "135f69aecbf4517d5b3d6429207b2dff49c876be724ac0c8bf8e1ea99df3d7e5", "19db0cdd6e516f13329cba4903368bff9bb5a9331d3410b1b448daaadc495e54", "2781e9ad0e9d47173c0093321bb5435a9dfae0ed6a762aabafa13108f5f7b2ba", "291f7c42e21d72144bb1c1b2e825ec60f46d0a7468f5346841860454c7aa8f57", "2c5e309ec482556397cb21ede0350c5e82f0eb2621de04b2633588d118da4396", "2e9c80a8c3344a92cb04661115898a9129c074f7ab82011ef4b612f645939f12", "32a262e2b90ffcfdd97c7a5e24a6012a43c61f1f5a57789ad80af1d26c6acd97", "3c9fff570f13480b201e9ab69453108f6d98244a7f495e91b6c654a47486ba43", "415bdc7ca8c1c634a6d7163d43fb0ea885a07e9618a64bda407e04b04333b7db", "4424e42199e86b21fc4db83bd76909a6fc2a2aefb352cb5414833c030f6ed71b", "4a43c91840bda5f55249413037b7a9b79c90b1184ed504883b72c4df70778579", "599a1e8ff057ac530c9ad1778293c665cb81a791421f46922d80a86473c13346", "5c4fae4e9cdd18c82ba3a134be256e98dc0596af1e7285a3d2602c97dcfa5159", "5ecfa867dea6fabe2a58f03ac9186ea64da1386af2159196da51c4904e11d652", "62f2578358d3a92e4ab2d830cd1c2049c9c0d0e6d3c58322993cc341bdeac22e", "6471a82d5abea994e38d2c2abc77164b4f7fbaaf80261cb98394d5793f11b12a", "6d4f18483d040e18546108eb13b1dfa1000a089bcf8529e30346116ea6240506", "71a608532ab3bd26223c8d841dde43f3516aa5d2bf37b50ac410bb5e99053e8f", "74a1d8c85fb6ff0b30fbfa8ad0ac23cd601a138f7509dc617ebc65ef305bb98d", "7b93a885bb13073afb0aa73ad82059a4c41f4b7d8eb8368980448b52d4c7dc2c", "7d4751da932caaec419d514eaa4215eaf14b612cff66398dd51129ac22680b20", "7f627141a26b551bdebbc4855c1157feeef18241b4b8366ed22a5c7d672ef858", "8169cf44dd8f9071b2b9248c35fc35e8677451c52f795daa2bb4643f32a540bc", "aa00d66c0fab27373ae44ae26a66a9e43ff2a678bf63a9c7c1a9a4d61172827a", "ccb032fda0873254380aa2bfad2582aedc2959186cce61e3a17abc1a55ff89c3", "d754f39e0d1603b5b24a7f8484b22d2904fa551fe865fd0d4c3332f078d20d4e", "d75c461e20e29afc0aee7172a0950157c704ff0dd51613506bd7d82b718e7410", "dcd65317dd15bc0451f3e01c80da2216a31916bdcffd6221ca1202d96584aa25", "e570d3ab32e2c2861c4ebe6ffcad6a8abf9347432a37608fe1fbd157b3f0036b", "fd43a88e045cf992ed09fa724b5315b790525f2676883a6ea64e3263bae6549d"]
click = ["2335065e6395b9e67ca716de5f7526736bfa6ceead690adf616d925bdc622b13", "5b94b49521f6456670fdb30cd82a4eca9412788a93fa6dd6df72c94d5a8ff2d7"]
colorama = ["05eed71e2e327246ad6b38c540c4a3117230b19679b875190486ddd2d721422d", "f8ac84de7840f5b9c4e3347b3c1eaa50f7e49c2b07596221daec5edaabbd7c48"]
cryptography = ["02079a6addc7b5140ba0825f542c0869ff4df9a69c360e339ecead5baefa843c", "1df22371fbf2004c6f64e927668734070a8953362cd8370ddd336774d6743595", "369d2346db5934345787451504853ad9d342d7f721ae82d098083e1f49a582ad", "3cda1f0ed8747339bbdf71b9f38ca74c7b592f24f65cdb3ab3765e4b02871651", "44ff04138935882fef7c686878e1c8fd80a723161ad6a98da31e14b7553170c2", "4b1030728872c59687badcca1e225a9103440e467c17d6d1730ab3d2d64bfeff", "58363dbd966afb4f89b3b11dfb8ff200058fbc3b947507675c19ceb46104b48d", "6ec280fb24d27e3d97aa731e16207d58bd8ae94ef6eab97249a2afe4ba643d42", "7270a6c29199adc1297776937a05b59720e8a782531f1f122f2eb8467f9aab4d", "73fd30c57fa2d0a1d7a49c561c40c2f79c7d6c374cc7750e9ac7c99176f6428e", "7f09806ed4fbea8f51585231ba742b58cbcfbfe823ea197d8c89a5e433c7e912", "90df0cc93e1f8d2fba8365fb59a858f51a11a394d64dbf3ef844f783844cc793", "971221ed40f058f5662a604bd1ae6e4521d84e6cad0b7b170564cc34169c8f13", "a518c153a2b5ed6b8cc03f7ae79d5ffad7315ad4569b2d5333a13c38d64bd8d7", "b0de590a8b0979649ebeef8bb9f54394d3a41f66c5584fff4220901739b6b2f0", "b43f53f29816ba1db8525f006fa6f49292e9b029554b3eb56a189a70f2a40879", "d31402aad60ed889c7e57934a03477b572a03af7794fa8fb1780f21ea8f6551f", "de96157ec73458a7f14e3d26f17f8128c959084931e8997b9e655a39c8fde9f9", "df6b4dca2e11865e6cfbfb708e800efb18370f5a46fd601d3755bc7f85b3a8a2", "ecadccc7ba52193963c0475ac9f6fa28ac01e01349a2ca48509667ef41ffd2cf", "fb81c17e0ebe3358486cd8cc3ad78adbae58af12fc2bf2bc0bb84e8090fa5ce8"]
dataset = ["06e6e8166a2ce12524ffbed97b82866caeaa2dd8e85ee65baccf3b815528e22e", "22305959711499b0da0464298f3589cd33cccf84cfdcce91dae352a528cb4821"]
entrypoints = ["589f874b313739ad35be6e0cd7efde2a4e9b6fea91edcc34e58ecbb8dbe56d19", "c70dd71abe5a8c85e55e12c19bd91ccfeec11a6e99044204511f9ed547d48451"]
flake8 = ["45681a117ecc81e870cbf1262835ae4af5e7a8b08e40b944a8a6e6b895914cfb", "49356e766643ad15072a789a20915d3c91dc89fd313ccd71802303fd67e4deca"]
future = ["b1bead90b70cf6ec3f0710ae53a525360fa360d306a86583adc6bf83a4db537d"]
invoke = ["c52274d2e8a6d64ef0d61093e1983268ea1fc0cd13facb9448c4ef0c9a7ac7da", "f4ec8a134c0122ea042c8912529f87652445d9f4de590b353d23f95bfa1f0efd", "fc803a5c9052f15e63310aa81a43498d7c55542beb18564db88a9d75a176fa44"]
isort = ["54da7e92468955c4fceacd0c86bd0ec997b0e1ee80d97f67c35a78b719dccab1", "6e811fcb295968434526407adb8796944f1988c5b65e8139058f2014cbe100fd"]
jedi = ["2bb0603e3506f708e792c7f4ad8fc2a7a9d9c2d292a358fbbd58da531695595b", "2c6bcd9545c7d6440951b12b44d373479bf18123a401a52025cf98563fbd826c"]
lazy-object-proxy = ["0c4b206227a8097f05c4dbdd323c50edf81f15db3b8dc064d08c62d37e1a504d", "194d092e6f246b906e8f70884e620e459fc54db3259e60cf69a4d66c3fda3449", "1be7e4c9f96948003609aa6c974ae59830a6baecc5376c25c92d7d697e684c08", "4677f594e474c91da97f489fea5b7daa17b5517190899cf213697e48d3902f5a", "48dab84ebd4831077b150572aec802f303117c8cc5c871e182447281ebf3ac50", "5541cada25cd173702dbd99f8e22434105456314462326f06dba3e180f203dfd", "59f79fef100b09564bc2df42ea2d8d21a64fdcda64979c0fa3db7bdaabaf6239", "8d859b89baf8ef7f8bc6b00aa20316483d67f0b1cbf422f5b4dc56701c8f2ffb", "9254f4358b9b541e3441b007a0ea0764b9d056afdeafc1a5569eee1cc6c1b9ea", "9651375199045a358eb6741df3e02a651e0330be090b3bc79f6d0de31a80ec3e", "97bb5884f6f1cdce0099f86b907aa41c970c3c672ac8b9c8352789e103cf3156", "9b15f3f4c0f35727d3a0fba4b770b3c4ebbb1fa907dbcc046a1d2799f3edd142", "a2238e9d1bb71a56cd710611a1614d1194dc10a175c1e08d75e1a7bcc250d442", "a6ae12d08c0bf9909ce12385803a543bfe99b95fe01e752536a60af2b7797c62", "ca0a928a3ddbc5725be2dd1cf895ec0a254798915fb3a36af0964a0a4149e3db", "cb2c7c57005a6804ab66f106ceb8482da55f5314b7fcb06551db1edae4ad1531", "d74bb8693bf9cf75ac3b47a54d716bbb1a92648d5f781fc799347cfc95952383", "d945239a5639b3ff35b70a88c5f2f491913eb94871780ebfabb2568bd58afc5a", "eba7011090323c1dadf18b3b689845fd96a61ba0a1dfbd7f24b921398affc357", "efa1909120ce98bbb3777e8b6f92237f5d5c8ea6758efea36a473e1d38f7d3e4", "f3900e8a5de27447acbf900b4750b0ddfd7ec1ea7fbaf11dfa911141bc522af0"]
mako = ["a36919599a9b7dc5d86a7a8988f23a9a3a3d083070023bab23d64f7f1d1e0a4b"]
markupsafe = ["00bc623926325b26bb9605ae9eae8a215691f33cae5df11ca5424f06f2d1f473", "09027a7803a62ca78792ad89403b1b7a73a01c8cb65909cd876f7fcebd79b161", "09c4b7f37d6c648cb13f9230d847adf22f8171b1ccc4d5682398e77f40309235", "1027c282dad077d0bae18be6794e6b6b8c91d58ed8a8d89a89d59693b9131db5", "24982cc2533820871eba85ba648cd53d8623687ff11cbb805be4ff7b4c971aff", "29872e92839765e546828bb7754a68c418d927cd064fd4708fab9fe9c8bb116b", "43a55c2930bbc139570ac2452adf3d70cdbb3cfe5912c71cdce1c2c6bbd9c5d1", "46c99d2de99945ec5cb54f23c8cd5689f6d7177305ebff350a58ce5f8de1669e", "500d4957e52ddc3351cabf489e79c91c17f6e0899158447047588650b5e69183", "535f6fc4d397c1563d08b88e485c3496cf5784e927af890fb3c3aac7f933ec66", "62fe6c95e3ec8a7fad637b7f3d372c15ec1caa01ab47926cfdf7a75b40e0eac1", "6dd73240d2af64df90aa7c4e7481e23825ea70af4b4922f8ede5b9e35f78a3b1", "717ba8fe3ae9cc0006d7c451f0bb265ee07739daf76355d06366154ee68d221e", "79855e1c5b8da654cf486b830bd42c06e8780cea587384cf6545b7d9ac013a0b", "7c1699dfe0cf8ff607dbdcc1e9b9af1755371f92a68f706051cc8c37d447c905", "88e5fcfb52ee7b911e8bb6d6aa2fd21fbecc674eadd44118a9cc3863f938e735", "8defac2f2ccd6805ebf65f5eeb132adcf2ab57aa11fdf4c0dd5169a004710e7d", "98c7086708b163d425c67c7a91bad6e466bb99d797aa64f965e9d25c12111a5e", "9add70b36c5666a2ed02b43b335fe19002ee5235efd4b8a89bfcf9005bebac0d", "9bf40443012702a1d2070043cb6291650a0841ece432556f784f004937f0f32c", "ade5e387d2ad0d7ebf59146cc00c8044acbd863725f887353a10df825fc8ae21", "b00c1de48212e4cc9603895652c5c410df699856a2853135b3967591e4beebc2", "b1282f8c00509d99fef04d8ba936b156d419be841854fe901d8ae224c59f0be5", "b2051432115498d3562c084a49bba65d97cf251f5a331c64a12ee7e04dacc51b", "ba59edeaa2fc6114428f1637ffff42da1e311e29382d81b339c1817d37ec93c6", "c8716a48d94b06bb3b2524c2b77e055fb313aeb4ea620c8dd03a105574ba704f", "cd5df75523866410809ca100dc9681e301e3c27567cf498077e8551b6d20e42f", "e249096428b3ae81b08327a63a485ad0878de3fb939049038579ac0ef61e17e7"]
mccabe = ["ab8a6258860da4b6677da4bd2fe5dc2c659cff31b3ee4f7f5d64e79735b80d42", "dd8d182285a0fe56bace7f45b5e7d1a6ebcbf524e8f3bd87eb0f125271b8831f"]
mypy = ["2afe51527b1f6cdc4a5f34fc90473109b22bf7f21086ba3e9451857cf11489e6", "56a16df3e0abb145d8accd5dbb70eba6c4bd26e2f89042b491faa78c9635d1e2", "5764f10d27b2e93c84f70af5778941b8f4aa1379b2430f85c827e0f5464e8714", "5bbc86374f04a3aa817622f98e40375ccb28c4836f36b66706cf3c6ccce86eda", "6a9343089f6377e71e20ca734cd8e7ac25d36478a9df580efabfe9059819bf82", "6c9851bc4a23dc1d854d3f5dfd5f20a016f8da86bcdbb42687879bb5f86434b0", "b8e85956af3fcf043d6f87c91cbe8705073fc67029ba6e22d3468bfee42c4823", "b9a0af8fae490306bc112229000aa0c2ccc837b49d29a5c42e088c132a2334dd", "bbf643528e2a55df2c1587008d6e3bda5c0445f1240dfa85129af22ae16d7a9a", "c46ab3438bd21511db0f2c612d89d8344154c0c9494afc7fbc932de514cf8d15", "f7a83d6bd805855ef83ec605eb01ab4fa42bcef254b13631e451cbb44914a9b0"]
mypy-extensions = ["090fedd75945a69ae91ce1303b5824f428daf5a028d2f6ab8a299250a846f15d", "2d82818f5bb3e369420cb3c4060a7970edba416647068eb4c5343488a6c604a8"]
parso = ["63854233e1fadb5da97f2744b6b24346d2750b85965e7e399bec1620232797dc", "666b0ee4a7a1220f65d367617f2cd3ffddff3e205f3f16a0284df30e774c2a9c"]
pycodestyle = ["95a2219d12372f05704562a14ec30bc76b05a5b297b21a5dfe3f6fac3491ae56", "e40a936c9a450ad81df37f549d676d127b1b66000a6c500caa2b085bc0ca976c"]
pycparser = ["a988718abfad80b6b157acce7bf130a30876d27603738ac39f140993246b25b3"]
pyflakes = ["17dbeb2e3f4d772725c777fabc446d5634d1038f234e77343108ce445ea69ce0", "d976835886f8c5b31d47970ed689944a0262b5f3afa00a5a7b4dc81e5449f8a2"]
pylint = ["7b76045426c650d2b0f02fc47c14d7934d17898779da95288a74c2a7ec440702", "856476331f3e26598017290fd65bebe81c960e806776f324093a46b76fb2d1c0"]
pylint-quotes = ["5332fa8b48ce5d8780df196d684f38c00614f8233fdc4c67efbdc0bbe7dc51d7", "c53d2a63b4cd16c9fa426d243de6396910ff04c65001efdbea37427d401fce72"]
python-dateutil = ["73ebfe9dbf22e832286dafa60473e4cd239f8592f699aa5adaf10050e6e1823c", "75bb3f31ea686f1197762692a9ee6a7550b59fc6ca3a1f4b5d7e32fb98e2da2a"]
python-editor = ["1bf6e860a8ad52a14c3ee1252d5dc25b2030618ed80c022598f00176adc8367d", "51fda6bcc5ddbbb7063b2af7509e43bd84bfc32a4ff71349ec7847713882327b", "5f98b069316ea1c2ed3f67e7f5df6c0d8f10b689964a4a811ff64f0106819ec8", "c3da2053dbab6b29c94e43c486ff67206eafbe7eb52dbec7390b5e2fb05aac77", "ea87e17f6ec459e780e4221f295411462e0d0810858e055fc514684350a2f522"]
python-telegram-bot = ["78695b1f6e147e9b360ccfb1ac92b542cab27870ccaf04065a88ee601ffa58b6", "cca4e32ebb8da7fdf35ab2fa2b3edd441211364819c5592fc253acdb7561ea5b"]
six = ["1f1b7d42e254082a9db6279deae68afb421ceba6158efa6131de7b3003ee93fd", "30f610279e8b2578cab6db20741130331735c781b56053c59c4076da27f06b66"]
sqlalchemy = ["0f0768b5db594517e1f5e1572c73d14cf295140756431270d89496dc13d5e46c"]
toml = ["229f81c57791a41d65e399fc06bf0848bab550a9dfd5ed66df18ce5f05e73d5c", "235682dd292d5899d361a811df37e04a8828a5b1da3115886b73cf81ebc9100e", "f1db651f9657708513243e61e6cc67d101a39bad662eaa9b5546f789338e07a3"]
typed-ast = ["132eae51d6ef3ff4a8c47c393a4ef5ebf0d1aecc96880eb5d6c8ceab7017cc9b", "18141c1484ab8784006c839be8b985cfc82a2e9725837b0ecfa0203f71c4e39d", "2baf617f5bbbfe73fd8846463f5aeafc912b5ee247f410700245d68525ec584a", "3d90063f2cbbe39177e9b4d888e45777012652d6110156845b828908c51ae462", "4304b2218b842d610aa1a1d87e1dc9559597969acc62ce717ee4dfeaa44d7eee", "4983ede548ffc3541bae49a82675996497348e55bafd1554dc4e4a5d6eda541a", "5315f4509c1476718a4825f45a203b82d7fdf2a6f5f0c8f166435975b1c9f7d4", "6cdfb1b49d5345f7c2b90d638822d16ba62dc82f7616e9b4caa10b72f3f16649", "7b325f12635598c604690efd7a0197d0b94b7d7778498e76e0710cd582fd1c7a", "8d3b0e3b8626615826f9a626548057c5275a9733512b137984a68ba1598d3d2f", "8f8631160c79f53081bd23446525db0bc4c5616f78d04021e6e434b286493fd7", "912de10965f3dc89da23936f1cc4ed60764f712e5fa603a09dd904f88c996760", "b010c07b975fe853c65d7bbe9d4ac62f1c69086750a574f6292597763781ba18", "c908c10505904c48081a5415a1e295d8403e353e0c14c42b6d67f8f97fae6616", "c94dd3807c0c0610f7c76f078119f4ea48235a953512752b9175f9f98f5ae2bd", "ce65dee7594a84c466e79d7fb7d3303e7295d16a83c22c7c4037071b059e2c21", "eaa9cfcb221a8a4c2889be6f93da141ac777eb8819f077e1d09fb12d00a09a93", "f3376bc31bad66d46d44b4e6522c5c21976bf9bca4ef5987bb2bf727f4506cbb", "f9202fa138544e13a4ec1a6792c35834250a85958fde1251b6a22e07d1260ae7"]
wrapt = ["565a021fd19419476b9362b05eeaa094178de64f8361e44468f9e9d7843901e1"]
